
Microsoft Visual Studio Solution File, Format Version 12.00
# Visual Studio Version 17
VisualStudioVersion = 17.0.31903.59
MinimumVisualStudioVersion = 10.0.40219.1
Project("{FAE04EC0-301F-11D3-BF4B-00C04F79EFBC}") = "MarketAggregator.Core", "MarketAggregator.Core\MarketAggregator.Core.csproj", "{D63A7AA1-93C4-476D-BE2F-8CD589CBC9EA}"
EndProject
Project("{FAE04EC0-301F-11D3-BF4B-00C04F79EFBC}") = "MarketAggregator.Api", "MarketAggregator.Api\MarketAggregator.Api.csproj", "{2C9B2998-1B3F-4D19-8CAE-44A838B6CB7D}"
EndProject
Project("{FAE04EC0-301F-11D3-BF4B-00C04F79EFBC}") = "MarketAggregator.Infrastructure", "MarketAggregator.Infrastructure\MarketAggregator.Infrastructure.csproj", "{3FBF32A8-A51C-4458-98F5-E71B6BA77FB3}"
EndProject
Project("{FAE04EC0-301F-11D3-BF4B-00C04F79EFBC}") = "MarketAggregator.SharedKernel", "MarketAggregator.SharedKernel\MarketAggregator.SharedKernel.csproj", "{95EA43BF-F3DD-421B-BA5E-32005BF4D06C}"
EndProject
Project("{FAE04EC0-301F-11D3-BF4B-00C04F79EFBC}") = "MarketAggregator.Tests", "MarketAggregator.Tests\MarketAggregator.Tests.csproj", "{A7E404DD-15BB-4144-AB70-4D0313EB28F6}"
EndProject
Global
	GlobalSection(SolutionConfigurationPlatforms) = preSolution
		Debug|Any CPU = Debug|Any CPU
		Debug|x64 = Debug|x64
		Debug|x86 = Debug|x86
		Release|Any CPU = Release|Any CPU
		Release|x64 = Release|x64
		Release|x86 = Release|x86
	EndGlobalSection
	GlobalSection(ProjectConfigurationPlatforms) = postSolution
		{D63A7AA1-93C4-476D-BE2F-8CD589CBC9EA}.Debug|Any CPU.ActiveCfg = Debug|Any CPU
		{D63A7AA1-93C4-476D-BE2F-8CD589CBC9EA}.Debug|Any CPU.Build.0 = Debug|Any CPU
		{D63A7AA1-93C4-476D-BE2F-8CD589CBC9EA}.Debug|x64.ActiveCfg = Debug|Any CPU
		{D63A7AA1-93C4-476D-BE2F-8CD589CBC9EA}.Debug|x64.Build.0 = Debug|Any CPU
		{D63A7AA1-93C4-476D-BE2F-8CD589CBC9EA}.Debug|x86.ActiveCfg = Debug|Any CPU
		{D63A7AA1-93C4-476D-BE2F-8CD589CBC9EA}.Debug|x86.Build.0 = Debug|Any CPU
		{D63A7AA1-93C4-476D-BE2F-8CD589CBC9EA}.Release|Any CPU.ActiveCfg = Release|Any CPU
		{D63A7AA1-93C4-476D-BE2F-8CD589CBC9EA}.Release|Any CPU.Build.0 = Release|Any CPU
		{D63A7AA1-93C4-476D-BE2F-8CD589CBC9EA}.Release|x64.ActiveCfg = Release|Any CPU
		{D63A7AA1-93C4-476D-BE2F-8CD589CBC9EA}.Release|x64.Build.0 = Release|Any CPU
		{D63A7AA1-93C4-476D-BE2F-8CD589CBC9EA}.Release|x86.ActiveCfg = Release|Any CPU
		{D63A7AA1-93C4-476D-BE2F-8CD589CBC9EA}.Release|x86.Build.0 = Release|Any CPU
		{2C9B2998-1B3F-4D19-8CAE-44A838B6CB7D}.Debug|Any CPU.ActiveCfg = Debug|Any CPU
		{2C9B2998-1B3F-4D19-8CAE-44A838B6CB7D}.Debug|Any CPU.Build.0 = Debug|Any CPU
		{2C9B2998-1B3F-4D19-8CAE-44A838B6CB7D}.Debug|x64.ActiveCfg = Debug|Any CPU
		{2C9B2998-1B3F-4D19-8CAE-44A838B6CB7D}.Debug|x64.Build.0 = Debug|Any CPU
		{2C9B2998-1B3F-4D19-8CAE-44A838B6CB7D}.Debug|x86.ActiveCfg = Debug|Any CPU
		{2C9B2998-1B3F-4D19-8CAE-44A838B6CB7D}.Debug|x86.Build.0 = Debug|Any CPU
		{2C9B2998-1B3F-4D19-8CAE-44A838B6CB7D}.Release|Any CPU.ActiveCfg = Release|Any CPU
		{2C9B2998-1B3F-4D19-8CAE-44A838B6CB7D}.Release|Any CPU.Build.0 = Release|Any CPU
		{2C9B2998-1B3F-4D19-8CAE-44A838B6CB7D}.Release|x64.ActiveCfg = Release|Any CPU
		{2C9B2998-1B3F-4D19-8CAE-44A838B6CB7D}.Release|x64.Build.0 = Release|Any CPU
		{2C9B2998-1B3F-4D19-8CAE-44A838B6CB7D}.Release|x86.ActiveCfg = Release|Any CPU
		{2C9B2998-1B3F-4D19-8CAE-44A838B6CB7D}.Release|x86.Build.0 = Release|Any CPU
		{3FBF32A8-A51C-4458-98F5-E71B6BA77FB3}.Debug|Any CPU.ActiveCfg = Debug|Any CPU
		{3FBF32A8-A51C-4458-98F5-E71B6BA77FB3}.Debug|Any CPU.Build.0 = Debug|Any CPU
		{3FBF32A8-A51C-4458-98F5-E71B6BA77FB3}.Debug|x64.ActiveCfg = Debug|Any CPU
		{3FBF32A8-A51C-4458-98F5-E71B6BA77FB3}.Debug|x64.Build.0 = Debug|Any CPU
		{3FBF32A8-A51C-4458-98F5-E71B6BA77FB3}.Debug|x86.ActiveCfg = Debug|Any CPU
		{3FBF32A8-A51C-4458-98F5-E71B6BA77FB3}.Debug|x86.Build.0 = Debug|Any CPU
		{3FBF32A8-A51C-4458-98F5-E71B6BA77FB3}.Release|Any CPU.ActiveCfg = Release|Any CPU
		{3FBF32A8-A51C-4458-98F5-E71B6BA77FB3}.Release|Any CPU.Build.0 = Release|Any CPU
		{3FBF32A8-A51C-4458-98F5-E71B6BA77FB3}.Release|x64.ActiveCfg = Release|Any CPU
		{3FBF32A8-A51C-4458-98F5-E71B6BA77FB3}.Release|x64.Build.0 = Release|Any CPU
		{3FBF32A8-A51C-4458-98F5-E71B6BA77FB3}.Release|x86.ActiveCfg = Release|Any CPU
		{3FBF32A8-A51C-4458-98F5-E71B6BA77FB3}.Release|x86.Build.0 = Release|Any CPU
		{95EA43BF-F3DD-421B-BA5E-32005BF4D06C}.Debug|Any CPU.ActiveCfg = Debug|Any CPU
		{95EA43BF-F3DD-421B-BA5E-32005BF4D06C}.Debug|Any CPU.Build.0 = Debug|Any CPU
		{95EA43BF-F3DD-421B-BA5E-32005BF4D06C}.Debug|x64.ActiveCfg = Debug|Any CPU
		{95EA43BF-F3DD-421B-BA5E-32005BF4D06C}.Debug|x64.Build.0 = Debug|Any CPU
		{95EA43BF-F3DD-421B-BA5E-32005BF4D06C}.Debug|x86.ActiveCfg = Debug|Any CPU
		{95EA43BF-F3DD-421B-BA5E-32005BF4D06C}.Debug|x86.Build.0 = Debug|Any CPU
		{95EA43BF-F3DD-421B-BA5E-32005BF4D06C}.Release|Any CPU.ActiveCfg = Release|Any CPU
		{95EA43BF-F3DD-421B-BA5E-32005BF4D06C}.Release|Any CPU.Build.0 = Release|Any CPU
		{95EA43BF-F3DD-421B-BA5E-32005BF4D06C}.Release|x64.ActiveCfg = Release|Any CPU
		{95EA43BF-F3DD-421B-BA5E-32005BF4D06C}.Release|x64.Build.0 = Release|Any CPU
		{95EA43BF-F3DD-421B-BA5E-32005BF4D06C}.Release|x86.ActiveCfg = Release|Any CPU
		{95EA43BF-F3DD-421B-BA5E-32005BF4D06C}.Release|x86.Build.0 = Release|Any CPU
		{A7E404DD-15BB-4144-AB70-4D0313EB28F6}.Debug|Any CPU.ActiveCfg = Debug|Any CPU
		{A7E404DD-15BB-4144-AB70-4D0313EB28F6}.Debug|Any CPU.Build.0 = Debug|Any CPU
		{A7E404DD-15BB-4144-AB70-4D0313EB28F6}.Debug|x64.ActiveCfg = Debug|Any CPU
		{A7E404DD-15BB-4144-AB70-4D0313EB28F6}.Debug|x64.Build.0 = Debug|Any CPU
		{A7E404DD-15BB-4144-AB70-4D0313EB28F6}.Debug|x86.ActiveCfg = Debug|Any CPU
		{A7E404DD-15BB-4144-AB70-4D0313EB28F6}.Debug|x86.Build.0 = Debug|Any CPU
		{A7E404DD-15BB-4144-AB70-4D0313EB28F6}.Release|Any CPU.ActiveCfg = Release|Any CPU
		{A7E404DD-15BB-4144-AB70-4D0313EB28F6}.Release|Any CPU.Build.0 = Release|Any CPU
		{A7E404DD-15BB-4144-AB70-4D0313EB28F6}.Release|x64.ActiveCfg = Release|Any CPU
		{A7E404DD-15BB-4144-AB70-4D0313EB28F6}.Release|x64.Build.0 = Release|Any CPU
		{A7E404DD-15BB-4144-AB70-4D0313EB28F6}.Release|x86.ActiveCfg = Release|Any CPU
		{A7E404DD-15BB-4144-AB70-4D0313EB28F6}.Release|x86.Build.0 = Release|Any CPU
	EndGlobalSection
	GlobalSection(SolutionProperties) = preSolution
		HideSolutionNode = FALSE
	EndGlobalSection
EndGlobal
