
Microsoft Visual Studio Solution File, Format Version 12.00
# Visual Studio Version 17
VisualStudioVersion = 17.0.31903.59
MinimumVisualStudioVersion = 10.0.40219.1
Project("{2150E333-8FDC-42A3-9474-1A3956D46DE8}") = "MarketFeedService", "MarketFeedService", "{80C92E56-2B02-F797-4BC5-106071D23483}"
EndProject
Project("{FAE04EC0-301F-11D3-BF4B-00C04F79EFBC}") = "MarketFeedService.Api", "MarketFeedService\MarketFeedService.Api\MarketFeedService.Api.csproj", "{7D2D42CE-6D8B-4700-A9F4-63929118F52E}"
EndProject
Project("{FAE04EC0-301F-11D3-BF4B-00C04F79EFBC}") = "MarketFeedService.Core", "MarketFeedService\MarketFeedService.Core\MarketFeedService.Core.csproj", "{F2F0E2E6-C563-42B6-BA7A-A7CE1FD21BD0}"
EndProject
Project("{FAE04EC0-301F-11D3-BF4B-00C04F79EFBC}") = "MarketFeedService.Infrastructure", "MarketFeedService\MarketFeedService.Infrastructure\MarketFeedService.Infrastructure.csproj", "{F7B724F1-2F26-42CA-B79F-A7C52E771912}"
EndProject
Project("{FAE04EC0-301F-11D3-BF4B-00C04F79EFBC}") = "MarketFeedService.Worker", "MarketFeedService\MarketFeedService.Worker\MarketFeedService.Worker.csproj", "{38A71608-D24B-4AE6-A713-2EEA8FFC04F4}"
EndProject
Project("{2150E333-8FDC-42A3-9474-1A3956D46DE8}") = "MarketOverviewService", "MarketOverviewService", "{9539A185-A127-01B9-7FAC-2EF8CF6C7B9F}"
EndProject
Project("{FAE04EC0-301F-11D3-BF4B-00C04F79EFBC}") = "MarketOverviewService.Api", "MarketOverviewService\MarketOverviewService.Api\MarketOverviewService.Api.csproj", "{01680B89-76D8-47F5-BDF9-8B5E97A6072B}"
EndProject
Project("{FAE04EC0-301F-11D3-BF4B-00C04F79EFBC}") = "MarketOverviewService.Infrastructure", "MarketOverviewService\MarketOverviewService.Infrastructure\MarketOverviewService.Infrastructure.csproj", "{9E9B7325-387D-42F5-88B5-E482837A2CFE}"
EndProject
Project("{FAE04EC0-301F-11D3-BF4B-00C04F79EFBC}") = "MarketOverviewService.Core", "MarketOverviewService\MarketOverviewService.Core\MarketOverviewService.Core.csproj", "{EAAE5B15-8111-4408-A82A-AF1DB0C3A9E2}"
EndProject
Project("{FAE04EC0-301F-11D3-BF4B-00C04F79EFBC}") = "MarketOverviewService.Tests", "MarketOverviewService\MarketOverviewService.Tests\MarketOverviewService.Tests.csproj", "{8EE4AF8D-AEA9-4F9C-ABA6-F7271EF5462D}"
EndProject
Project("{FAE04EC0-301F-11D3-BF4B-00C04F79EFBC}") = "MarketFeedService.Tests", "MarketFeedService\MarketFeedService.Tests\MarketFeedService.Tests.csproj", "{045628FE-2C46-4DBA-9F71-718C85B3DDC1}"
EndProject
Global
	GlobalSection(SolutionConfigurationPlatforms) = preSolution
		Debug|Any CPU = Debug|Any CPU
		Debug|x64 = Debug|x64
		Debug|x86 = Debug|x86
		Release|Any CPU = Release|Any CPU
		Release|x64 = Release|x64
		Release|x86 = Release|x86
	EndGlobalSection
	GlobalSection(ProjectConfigurationPlatforms) = postSolution
		{7D2D42CE-6D8B-4700-A9F4-63929118F52E}.Debug|Any CPU.ActiveCfg = Debug|Any CPU
		{7D2D42CE-6D8B-4700-A9F4-63929118F52E}.Debug|Any CPU.Build.0 = Debug|Any CPU
		{7D2D42CE-6D8B-4700-A9F4-63929118F52E}.Debug|x64.ActiveCfg = Debug|Any CPU
		{7D2D42CE-6D8B-4700-A9F4-63929118F52E}.Debug|x64.Build.0 = Debug|Any CPU
		{7D2D42CE-6D8B-4700-A9F4-63929118F52E}.Debug|x86.ActiveCfg = Debug|Any CPU
		{7D2D42CE-6D8B-4700-A9F4-63929118F52E}.Debug|x86.Build.0 = Debug|Any CPU
		{7D2D42CE-6D8B-4700-A9F4-63929118F52E}.Release|Any CPU.ActiveCfg = Release|Any CPU
		{7D2D42CE-6D8B-4700-A9F4-63929118F52E}.Release|Any CPU.Build.0 = Release|Any CPU
		{7D2D42CE-6D8B-4700-A9F4-63929118F52E}.Release|x64.ActiveCfg = Release|Any CPU
		{7D2D42CE-6D8B-4700-A9F4-63929118F52E}.Release|x64.Build.0 = Release|Any CPU
		{7D2D42CE-6D8B-4700-A9F4-63929118F52E}.Release|x86.ActiveCfg = Release|Any CPU
		{7D2D42CE-6D8B-4700-A9F4-63929118F52E}.Release|x86.Build.0 = Release|Any CPU
		{F2F0E2E6-C563-42B6-BA7A-A7CE1FD21BD0}.Debug|Any CPU.ActiveCfg = Debug|Any CPU
		{F2F0E2E6-C563-42B6-BA7A-A7CE1FD21BD0}.Debug|Any CPU.Build.0 = Debug|Any CPU
		{F2F0E2E6-C563-42B6-BA7A-A7CE1FD21BD0}.Debug|x64.ActiveCfg = Debug|Any CPU
		{F2F0E2E6-C563-42B6-BA7A-A7CE1FD21BD0}.Debug|x64.Build.0 = Debug|Any CPU
		{F2F0E2E6-C563-42B6-BA7A-A7CE1FD21BD0}.Debug|x86.ActiveCfg = Debug|Any CPU
		{F2F0E2E6-C563-42B6-BA7A-A7CE1FD21BD0}.Debug|x86.Build.0 = Debug|Any CPU
		{F2F0E2E6-C563-42B6-BA7A-A7CE1FD21BD0}.Release|Any CPU.ActiveCfg = Release|Any CPU
		{F2F0E2E6-C563-42B6-BA7A-A7CE1FD21BD0}.Release|Any CPU.Build.0 = Release|Any CPU
		{F2F0E2E6-C563-42B6-BA7A-A7CE1FD21BD0}.Release|x64.ActiveCfg = Release|Any CPU
		{F2F0E2E6-C563-42B6-BA7A-A7CE1FD21BD0}.Release|x64.Build.0 = Release|Any CPU
		{F2F0E2E6-C563-42B6-BA7A-A7CE1FD21BD0}.Release|x86.ActiveCfg = Release|Any CPU
		{F2F0E2E6-C563-42B6-BA7A-A7CE1FD21BD0}.Release|x86.Build.0 = Release|Any CPU
		{F7B724F1-2F26-42CA-B79F-A7C52E771912}.Debug|Any CPU.ActiveCfg = Debug|Any CPU
		{F7B724F1-2F26-42CA-B79F-A7C52E771912}.Debug|Any CPU.Build.0 = Debug|Any CPU
		{F7B724F1-2F26-42CA-B79F-A7C52E771912}.Debug|x64.ActiveCfg = Debug|Any CPU
		{F7B724F1-2F26-42CA-B79F-A7C52E771912}.Debug|x64.Build.0 = Debug|Any CPU
		{F7B724F1-2F26-42CA-B79F-A7C52E771912}.Debug|x86.ActiveCfg = Debug|Any CPU
		{F7B724F1-2F26-42CA-B79F-A7C52E771912}.Debug|x86.Build.0 = Debug|Any CPU
		{F7B724F1-2F26-42CA-B79F-A7C52E771912}.Release|Any CPU.ActiveCfg = Release|Any CPU
		{F7B724F1-2F26-42CA-B79F-A7C52E771912}.Release|Any CPU.Build.0 = Release|Any CPU
		{F7B724F1-2F26-42CA-B79F-A7C52E771912}.Release|x64.ActiveCfg = Release|Any CPU
		{F7B724F1-2F26-42CA-B79F-A7C52E771912}.Release|x64.Build.0 = Release|Any CPU
		{F7B724F1-2F26-42CA-B79F-A7C52E771912}.Release|x86.ActiveCfg = Release|Any CPU
		{F7B724F1-2F26-42CA-B79F-A7C52E771912}.Release|x86.Build.0 = Release|Any CPU
		{38A71608-D24B-4AE6-A713-2EEA8FFC04F4}.Debug|Any CPU.ActiveCfg = Debug|Any CPU
		{38A71608-D24B-4AE6-A713-2EEA8FFC04F4}.Debug|Any CPU.Build.0 = Debug|Any CPU
		{38A71608-D24B-4AE6-A713-2EEA8FFC04F4}.Debug|x64.ActiveCfg = Debug|Any CPU
		{38A71608-D24B-4AE6-A713-2EEA8FFC04F4}.Debug|x64.Build.0 = Debug|Any CPU
		{38A71608-D24B-4AE6-A713-2EEA8FFC04F4}.Debug|x86.ActiveCfg = Debug|Any CPU
		{38A71608-D24B-4AE6-A713-2EEA8FFC04F4}.Debug|x86.Build.0 = Debug|Any CPU
		{38A71608-D24B-4AE6-A713-2EEA8FFC04F4}.Release|Any CPU.ActiveCfg = Release|Any CPU
		{38A71608-D24B-4AE6-A713-2EEA8FFC04F4}.Release|Any CPU.Build.0 = Release|Any CPU
		{38A71608-D24B-4AE6-A713-2EEA8FFC04F4}.Release|x64.ActiveCfg = Release|Any CPU
		{38A71608-D24B-4AE6-A713-2EEA8FFC04F4}.Release|x64.Build.0 = Release|Any CPU
		{38A71608-D24B-4AE6-A713-2EEA8FFC04F4}.Release|x86.ActiveCfg = Release|Any CPU
		{38A71608-D24B-4AE6-A713-2EEA8FFC04F4}.Release|x86.Build.0 = Release|Any CPU
		{01680B89-76D8-47F5-BDF9-8B5E97A6072B}.Debug|Any CPU.ActiveCfg = Debug|Any CPU
		{01680B89-76D8-47F5-BDF9-8B5E97A6072B}.Debug|Any CPU.Build.0 = Debug|Any CPU
		{01680B89-76D8-47F5-BDF9-8B5E97A6072B}.Debug|x64.ActiveCfg = Debug|Any CPU
		{01680B89-76D8-47F5-BDF9-8B5E97A6072B}.Debug|x64.Build.0 = Debug|Any CPU
		{01680B89-76D8-47F5-BDF9-8B5E97A6072B}.Debug|x86.ActiveCfg = Debug|Any CPU
		{01680B89-76D8-47F5-BDF9-8B5E97A6072B}.Debug|x86.Build.0 = Debug|Any CPU
		{01680B89-76D8-47F5-BDF9-8B5E97A6072B}.Release|Any CPU.ActiveCfg = Release|Any CPU
		{01680B89-76D8-47F5-BDF9-8B5E97A6072B}.Release|Any CPU.Build.0 = Release|Any CPU
		{01680B89-76D8-47F5-BDF9-8B5E97A6072B}.Release|x64.ActiveCfg = Release|Any CPU
		{01680B89-76D8-47F5-BDF9-8B5E97A6072B}.Release|x64.Build.0 = Release|Any CPU
		{01680B89-76D8-47F5-BDF9-8B5E97A6072B}.Release|x86.ActiveCfg = Release|Any CPU
		{01680B89-76D8-47F5-BDF9-8B5E97A6072B}.Release|x86.Build.0 = Release|Any CPU
		{9E9B7325-387D-42F5-88B5-E482837A2CFE}.Debug|Any CPU.ActiveCfg = Debug|Any CPU
		{9E9B7325-387D-42F5-88B5-E482837A2CFE}.Debug|Any CPU.Build.0 = Debug|Any CPU
		{9E9B7325-387D-42F5-88B5-E482837A2CFE}.Debug|x64.ActiveCfg = Debug|Any CPU
		{9E9B7325-387D-42F5-88B5-E482837A2CFE}.Debug|x64.Build.0 = Debug|Any CPU
		{9E9B7325-387D-42F5-88B5-E482837A2CFE}.Debug|x86.ActiveCfg = Debug|Any CPU
		{9E9B7325-387D-42F5-88B5-E482837A2CFE}.Debug|x86.Build.0 = Debug|Any CPU
		{9E9B7325-387D-42F5-88B5-E482837A2CFE}.Release|Any CPU.ActiveCfg = Release|Any CPU
		{9E9B7325-387D-42F5-88B5-E482837A2CFE}.Release|Any CPU.Build.0 = Release|Any CPU
		{9E9B7325-387D-42F5-88B5-E482837A2CFE}.Release|x64.ActiveCfg = Release|Any CPU
		{9E9B7325-387D-42F5-88B5-E482837A2CFE}.Release|x64.Build.0 = Release|Any CPU
		{9E9B7325-387D-42F5-88B5-E482837A2CFE}.Release|x86.ActiveCfg = Release|Any CPU
		{9E9B7325-387D-42F5-88B5-E482837A2CFE}.Release|x86.Build.0 = Release|Any CPU
		{EAAE5B15-8111-4408-A82A-AF1DB0C3A9E2}.Debug|Any CPU.ActiveCfg = Debug|Any CPU
		{EAAE5B15-8111-4408-A82A-AF1DB0C3A9E2}.Debug|Any CPU.Build.0 = Debug|Any CPU
		{EAAE5B15-8111-4408-A82A-AF1DB0C3A9E2}.Debug|x64.ActiveCfg = Debug|Any CPU
		{EAAE5B15-8111-4408-A82A-AF1DB0C3A9E2}.Debug|x64.Build.0 = Debug|Any CPU
		{EAAE5B15-8111-4408-A82A-AF1DB0C3A9E2}.Debug|x86.ActiveCfg = Debug|Any CPU
		{EAAE5B15-8111-4408-A82A-AF1DB0C3A9E2}.Debug|x86.Build.0 = Debug|Any CPU
		{EAAE5B15-8111-4408-A82A-AF1DB0C3A9E2}.Release|Any CPU.ActiveCfg = Release|Any CPU
		{EAAE5B15-8111-4408-A82A-AF1DB0C3A9E2}.Release|Any CPU.Build.0 = Release|Any CPU
		{EAAE5B15-8111-4408-A82A-AF1DB0C3A9E2}.Release|x64.ActiveCfg = Release|Any CPU
		{EAAE5B15-8111-4408-A82A-AF1DB0C3A9E2}.Release|x64.Build.0 = Release|Any CPU
		{EAAE5B15-8111-4408-A82A-AF1DB0C3A9E2}.Release|x86.ActiveCfg = Release|Any CPU
		{EAAE5B15-8111-4408-A82A-AF1DB0C3A9E2}.Release|x86.Build.0 = Release|Any CPU
		{8EE4AF8D-AEA9-4F9C-ABA6-F7271EF5462D}.Debug|Any CPU.ActiveCfg = Debug|Any CPU
		{8EE4AF8D-AEA9-4F9C-ABA6-F7271EF5462D}.Debug|Any CPU.Build.0 = Debug|Any CPU
		{8EE4AF8D-AEA9-4F9C-ABA6-F7271EF5462D}.Debug|x64.ActiveCfg = Debug|Any CPU
		{8EE4AF8D-AEA9-4F9C-ABA6-F7271EF5462D}.Debug|x64.Build.0 = Debug|Any CPU
		{8EE4AF8D-AEA9-4F9C-ABA6-F7271EF5462D}.Debug|x86.ActiveCfg = Debug|Any CPU
		{8EE4AF8D-AEA9-4F9C-ABA6-F7271EF5462D}.Debug|x86.Build.0 = Debug|Any CPU
		{8EE4AF8D-AEA9-4F9C-ABA6-F7271EF5462D}.Release|Any CPU.ActiveCfg = Release|Any CPU
		{8EE4AF8D-AEA9-4F9C-ABA6-F7271EF5462D}.Release|Any CPU.Build.0 = Release|Any CPU
		{8EE4AF8D-AEA9-4F9C-ABA6-F7271EF5462D}.Release|x64.ActiveCfg = Release|Any CPU
		{8EE4AF8D-AEA9-4F9C-ABA6-F7271EF5462D}.Release|x64.Build.0 = Release|Any CPU
		{8EE4AF8D-AEA9-4F9C-ABA6-F7271EF5462D}.Release|x86.ActiveCfg = Release|Any CPU
		{8EE4AF8D-AEA9-4F9C-ABA6-F7271EF5462D}.Release|x86.Build.0 = Release|Any CPU
		{045628FE-2C46-4DBA-9F71-718C85B3DDC1}.Debug|Any CPU.ActiveCfg = Debug|Any CPU
		{045628FE-2C46-4DBA-9F71-718C85B3DDC1}.Debug|Any CPU.Build.0 = Debug|Any CPU
		{045628FE-2C46-4DBA-9F71-718C85B3DDC1}.Debug|x64.ActiveCfg = Debug|Any CPU
		{045628FE-2C46-4DBA-9F71-718C85B3DDC1}.Debug|x64.Build.0 = Debug|Any CPU
		{045628FE-2C46-4DBA-9F71-718C85B3DDC1}.Debug|x86.ActiveCfg = Debug|Any CPU
		{045628FE-2C46-4DBA-9F71-718C85B3DDC1}.Debug|x86.Build.0 = Debug|Any CPU
		{045628FE-2C46-4DBA-9F71-718C85B3DDC1}.Release|Any CPU.ActiveCfg = Release|Any CPU
		{045628FE-2C46-4DBA-9F71-718C85B3DDC1}.Release|Any CPU.Build.0 = Release|Any CPU
		{045628FE-2C46-4DBA-9F71-718C85B3DDC1}.Release|x64.ActiveCfg = Release|Any CPU
		{045628FE-2C46-4DBA-9F71-718C85B3DDC1}.Release|x64.Build.0 = Release|Any CPU
		{045628FE-2C46-4DBA-9F71-718C85B3DDC1}.Release|x86.ActiveCfg = Release|Any CPU
		{045628FE-2C46-4DBA-9F71-718C85B3DDC1}.Release|x86.Build.0 = Release|Any CPU
	EndGlobalSection
	GlobalSection(SolutionProperties) = preSolution
		HideSolutionNode = FALSE
	EndGlobalSection
	GlobalSection(NestedProjects) = preSolution
		{7D2D42CE-6D8B-4700-A9F4-63929118F52E} = {80C92E56-2B02-F797-4BC5-106071D23483}
		{F2F0E2E6-C563-42B6-BA7A-A7CE1FD21BD0} = {80C92E56-2B02-F797-4BC5-106071D23483}
		{F7B724F1-2F26-42CA-B79F-A7C52E771912} = {80C92E56-2B02-F797-4BC5-106071D23483}
		{38A71608-D24B-4AE6-A713-2EEA8FFC04F4} = {80C92E56-2B02-F797-4BC5-106071D23483}
		{01680B89-76D8-47F5-BDF9-8B5E97A6072B} = {9539A185-A127-01B9-7FAC-2EF8CF6C7B9F}
		{9E9B7325-387D-42F5-88B5-E482837A2CFE} = {9539A185-A127-01B9-7FAC-2EF8CF6C7B9F}
		{EAAE5B15-8111-4408-A82A-AF1DB0C3A9E2} = {9539A185-A127-01B9-7FAC-2EF8CF6C7B9F}
		{8EE4AF8D-AEA9-4F9C-ABA6-F7271EF5462D} = {9539A185-A127-01B9-7FAC-2EF8CF6C7B9F}
		{045628FE-2C46-4DBA-9F71-718C85B3DDC1} = {80C92E56-2B02-F797-4BC5-106071D23483}
	EndGlobalSection
EndGlobal
